
Microsoft Visual Studio Solution File, Format Version 12.00
# Visual Studio Version 17
VisualStudioVersion = 17.8.34330.188
MinimumVisualStudioVersion = 10.0.40219.1
Project("{FAE04EC0-301F-11D3-BF4B-00C04F79EFBC}") = "GeniuseeTestTask", "GeniuseeTestTask\GeniuseeTestTask.csproj", "{4968167E-31E5-49C3-99C5-D6B020042319}"
EndProject
Project("{FAE04EC0-301F-11D3-BF4B-00C04F79EFBC}") = "IntegrationTestProject", "IntegrationTestProject\IntegrationTestProject.csproj", "{EE85FAE5-F20D-4D07-B97B-2795489271D9}"
EndProject
Global
	GlobalSection(SolutionConfigurationPlatforms) = preSolution
		Debug|Any CPU = Debug|Any CPU
		Release|Any CPU = Release|Any CPU
	EndGlobalSection
	GlobalSection(ProjectConfigurationPlatforms) = postSolution
		{4968167E-31E5-49C3-99C5-D6B020042319}.Debug|Any CPU.ActiveCfg = Debug|Any CPU
		{4968167E-31E5-49C3-99C5-D6B020042319}.Debug|Any CPU.Build.0 = Debug|Any CPU
		{4968167E-31E5-49C3-99C5-D6B020042319}.Release|Any CPU.ActiveCfg = Release|Any CPU
		{4968167E-31E5-49C3-99C5-D6B020042319}.Release|Any CPU.Build.0 = Release|Any CPU
		{EE85FAE5-F20D-4D07-B97B-2795489271D9}.Debug|Any CPU.ActiveCfg = Debug|Any CPU
		{EE85FAE5-F20D-4D07-B97B-2795489271D9}.Debug|Any CPU.Build.0 = Debug|Any CPU
		{EE85FAE5-F20D-4D07-B97B-2795489271D9}.Release|Any CPU.ActiveCfg = Release|Any CPU
		{EE85FAE5-F20D-4D07-B97B-2795489271D9}.Release|Any CPU.Build.0 = Release|Any CPU
	EndGlobalSection
	GlobalSection(SolutionProperties) = preSolution
		HideSolutionNode = FALSE
	EndGlobalSection
	GlobalSection(ExtensibilityGlobals) = postSolution
		SolutionGuid = {6FAD8A70-B76C-42AD-9881-40B07931165B}
	EndGlobalSection
EndGlobal
